// !$*UTF8*$!
{
	archiveVersion = 1;
	classes = {
	};
	objectVersion = 46;
	objects = {

/* Begin PBXBuildFile section */
		2B2F92AA1BC613FD00D66090 /* BaseTableViewController.swift in Sources */ = {isa = PBXBuildFile; fileRef = 2B2F92A91BC613FD00D66090 /* BaseTableViewController.swift */; settings = {ASSET_TAGS = (); }; };
		2B54C25D1BC5FFC7001D696F /* AppDelegate.swift in Sources */ = {isa = PBXBuildFile; fileRef = 2B54C25C1BC5FFC7001D696F /* AppDelegate.swift */; };
		2B54C2651BC5FFC7001D696F /* Rui__.xcdatamodeld in Sources */ = {isa = PBXBuildFile; fileRef = 2B54C2631BC5FFC7001D696F /* Rui__.xcdatamodeld */; };
		2B54C2751BC5FFC7001D696F /* Rui__Tests.swift in Sources */ = {isa = PBXBuildFile; fileRef = 2B54C2741BC5FFC7001D696F /* Rui__Tests.swift */; };
		2B54C2801BC5FFC7001D696F /* Rui__UITests.swift in Sources */ = {isa = PBXBuildFile; fileRef = 2B54C27F1BC5FFC7001D696F /* Rui__UITests.swift */; };
		2B54C2981BC603A9001D696F /* MainViewController.swift in Sources */ = {isa = PBXBuildFile; fileRef = 2B54C2971BC603A9001D696F /* MainViewController.swift */; settings = {ASSET_TAGS = (); }; };
		2B54C29A1BC603B9001D696F /* DiscoverTableViewController.swift in Sources */ = {isa = PBXBuildFile; fileRef = 2B54C2991BC603B9001D696F /* DiscoverTableViewController.swift */; settings = {ASSET_TAGS = (); }; };
		2B54C29C1BC603C5001D696F /* HomeTableViewController.swift in Sources */ = {isa = PBXBuildFile; fileRef = 2B54C29B1BC603C5001D696F /* HomeTableViewController.swift */; settings = {ASSET_TAGS = (); }; };
		2B54C29E1BC603D0001D696F /* MessageTableViewController.swift in Sources */ = {isa = PBXBuildFile; fileRef = 2B54C29D1BC603D0001D696F /* MessageTableViewController.swift */; settings = {ASSET_TAGS = (); }; };
		2B54C2A01BC603DF001D696F /* ProfileTableViewController.swift in Sources */ = {isa = PBXBuildFile; fileRef = 2B54C29F1BC603DF001D696F /* ProfileTableViewController.swift */; settings = {ASSET_TAGS = (); }; };
		2B54C2A21BC608AC001D696F /* Assets.xcassets in Resources */ = {isa = PBXBuildFile; fileRef = 2B54C2A11BC608AC001D696F /* Assets.xcassets */; settings = {ASSET_TAGS = (); }; };
/* End PBXBuildFile section */

/* Begin PBXContainerItemProxy section */
		2B54C2711BC5FFC7001D696F /* PBXContainerItemProxy */ = {
			isa = PBXContainerItemProxy;
			containerPortal = 2B54C2511BC5FFC7001D696F /* Project object */;
			proxyType = 1;
			remoteGlobalIDString = 2B54C2581BC5FFC7001D696F;
			remoteInfo = "Rui微博";
		};
		2B54C27C1BC5FFC7001D696F /* PBXContainerItemProxy */ = {
			isa = PBXContainerItemProxy;
			containerPortal = 2B54C2511BC5FFC7001D696F /* Project object */;
			proxyType = 1;
			remoteGlobalIDString = 2B54C2581BC5FFC7001D696F;
			remoteInfo = "Rui微博";
		};
/* End PBXContainerItemProxy section */

/* Begin PBXFileReference section */
		2B2F92A91BC613FD00D66090 /* BaseTableViewController.swift */ = {isa = PBXFileReference; fileEncoding = 4; lastKnownFileType = sourcecode.swift; path = BaseTableViewController.swift; sourceTree = "<group>"; };
		2B54C2591BC5FFC7001D696F /* Rui微博.app */ = {isa = PBXFileReference; explicitFileType = wrapper.application; includeInIndex = 0; path = "Rui微博.app"; sourceTree = BUILT_PRODUCTS_DIR; };
		2B54C25C1BC5FFC7001D696F /* AppDelegate.swift */ = {isa = PBXFileReference; lastKnownFileType = sourcecode.swift; path = AppDelegate.swift; sourceTree = "<group>"; };
		2B54C2641BC5FFC7001D696F /* Rui__.xcdatamodel */ = {isa = PBXFileReference; lastKnownFileType = wrapper.xcdatamodel; path = Rui__.xcdatamodel; sourceTree = "<group>"; };
		2B54C26B1BC5FFC7001D696F /* Info.plist */ = {isa = PBXFileReference; lastKnownFileType = text.plist.xml; path = Info.plist; sourceTree = "<group>"; };
		2B54C2701BC5FFC7001D696F /* Rui微博Tests.xctest */ = {isa = PBXFileReference; explicitFileType = wrapper.cfbundle; includeInIndex = 0; path = "Rui微博Tests.xctest"; sourceTree = BUILT_PRODUCTS_DIR; };
		2B54C2741BC5FFC7001D696F /* Rui__Tests.swift */ = {isa = PBXFileReference; lastKnownFileType = sourcecode.swift; path = Rui__Tests.swift; sourceTree = "<group>"; };
		2B54C2761BC5FFC7001D696F /* Info.plist */ = {isa = PBXFileReference; lastKnownFileType = text.plist.xml; path = Info.plist; sourceTree = "<group>"; };
		2B54C27B1BC5FFC7001D696F /* Rui微博UITests.xctest */ = {isa = PBXFileReference; explicitFileType = wrapper.cfbundle; includeInIndex = 0; path = "Rui微博UITests.xctest"; sourceTree = BUILT_PRODUCTS_DIR; };
		2B54C27F1BC5FFC7001D696F /* Rui__UITests.swift */ = {isa = PBXFileReference; lastKnownFileType = sourcecode.swift; path = Rui__UITests.swift; sourceTree = "<group>"; };
		2B54C2811BC5FFC7001D696F /* Info.plist */ = {isa = PBXFileReference; lastKnownFileType = text.plist.xml; path = Info.plist; sourceTree = "<group>"; };
		2B54C2971BC603A9001D696F /* MainViewController.swift */ = {isa = PBXFileReference; fileEncoding = 4; lastKnownFileType = sourcecode.swift; path = MainViewController.swift; sourceTree = "<group>"; };
		2B54C2991BC603B9001D696F /* DiscoverTableViewController.swift */ = {isa = PBXFileReference; fileEncoding = 4; lastKnownFileType = sourcecode.swift; path = DiscoverTableViewController.swift; sourceTree = "<group>"; };
		2B54C29B1BC603C5001D696F /* HomeTableViewController.swift */ = {isa = PBXFileReference; fileEncoding = 4; lastKnownFileType = sourcecode.swift; path = HomeTableViewController.swift; sourceTree = "<group>"; };
		2B54C29D1BC603D0001D696F /* MessageTableViewController.swift */ = {isa = PBXFileReference; fileEncoding = 4; lastKnownFileType = sourcecode.swift; path = MessageTableViewController.swift; sourceTree = "<group>"; };
		2B54C29F1BC603DF001D696F /* ProfileTableViewController.swift */ = {isa = PBXFileReference; fileEncoding = 4; lastKnownFileType = sourcecode.swift; path = ProfileTableViewController.swift; sourceTree = "<group>"; };
		2B54C2A11BC608AC001D696F /* Assets.xcassets */ = {isa = PBXFileReference; lastKnownFileType = folder.assetcatalog; name = Assets.xcassets; path = "Rui微博/Assets.xcassets"; sourceTree = "<group>"; };
/* End PBXFileReference section */

/* Begin PBXFrameworksBuildPhase section */
		2B54C2561BC5FFC7001D696F /* Frameworks */ = {
			isa = PBXFrameworksBuildPhase;
			buildActionMask = 2147483647;
			files = (
			);
			runOnlyForDeploymentPostprocessing = 0;
		};
		2B54C26D1BC5FFC7001D696F /* Frameworks */ = {
			isa = PBXFrameworksBuildPhase;
			buildActionMask = 2147483647;
			files = (
			);
			runOnlyForDeploymentPostprocessing = 0;
		};
		2B54C2781BC5FFC7001D696F /* Frameworks */ = {
			isa = PBXFrameworksBuildPhase;
			buildActionMask = 2147483647;
			files = (
			);
			runOnlyForDeploymentPostprocessing = 0;
		};
/* End PBXFrameworksBuildPhase section */

/* Begin PBXGroup section */
		2B54C2501BC5FFC7001D696F = {
			isa = PBXGroup;
			children = (
				2B54C25B1BC5FFC7001D696F /* Rui微博 */,
				2B54C2A11BC608AC001D696F /* Assets.xcassets */,
				2B54C2731BC5FFC7001D696F /* Rui微博Tests */,
				2B54C27E1BC5FFC7001D696F /* Rui微博UITests */,
				2B54C25A1BC5FFC7001D696F /* Products */,
			);
			sourceTree = "<group>";
		};
		2B54C25A1BC5FFC7001D696F /* Products */ = {
			isa = PBXGroup;
			children = (
				2B54C2591BC5FFC7001D696F /* Rui微博.app */,
				2B54C2701BC5FFC7001D696F /* Rui微博Tests.xctest */,
				2B54C27B1BC5FFC7001D696F /* Rui微博UITests.xctest */,
			);
			name = Products;
			sourceTree = "<group>";
		};
		2B54C25B1BC5FFC7001D696F /* Rui微博 */ = {
			isa = PBXGroup;
			children = (
				2B54C28D1BC602C6001D696F /* Classes */,
				2B54C2961BC602FE001D696F /* Tools(工具) */,
				2B54C25C1BC5FFC7001D696F /* AppDelegate.swift */,
				2B54C26B1BC5FFC7001D696F /* Info.plist */,
				2B54C2631BC5FFC7001D696F /* Rui__.xcdatamodeld */,
			);
			path = "Rui微博";
			sourceTree = "<group>";
		};
		2B54C2731BC5FFC7001D696F /* Rui微博Tests */ = {
			isa = PBXGroup;
			children = (
				2B54C2741BC5FFC7001D696F /* Rui__Tests.swift */,
				2B54C2761BC5FFC7001D696F /* Info.plist */,
			);
			path = "Rui微博Tests";
			sourceTree = "<group>";
		};
		2B54C27E1BC5FFC7001D696F /* Rui微博UITests */ = {
			isa = PBXGroup;
			children = (
				2B54C27F1BC5FFC7001D696F /* Rui__UITests.swift */,
				2B54C2811BC5FFC7001D696F /* Info.plist */,
			);
			path = "Rui微博UITests";
			sourceTree = "<group>";
		};
		2B54C28D1BC602C6001D696F /* Classes */ = {
			isa = PBXGroup;
			children = (
				2B54C28E1BC602C6001D696F /* Main */,
				2B54C28F1BC602C6001D696F /* Model(业务模型) */,
				2B54C2901BC602C6001D696F /* Module(功能模块) */,
			);
			path = Classes;
			sourceTree = "<group>";
		};
		2B54C28E1BC602C6001D696F /* Main */ = {
			isa = PBXGroup;
			children = (
			);
			path = Main;
			sourceTree = "<group>";
		};
		2B54C28F1BC602C6001D696F /* Model(业务模型) */ = {
			isa = PBXGroup;
			children = (
			);
			name = "Model(业务模型)";
			path = Model;
			sourceTree = "<group>";
		};
		2B54C2901BC602C6001D696F /* Module(功能模块) */ = {
			isa = PBXGroup;
			children = (
				2B54C2931BC602C6001D696F /* Main */,
				2B54C2911BC602C6001D696F /* Discover */,
				2B54C2921BC602C6001D696F /* Home */,
				2B54C2941BC602C6001D696F /* Message */,
				2B54C2951BC602C6001D696F /* Profile */,
			);
			name = "Module(功能模块)";
			path = Module;
			sourceTree = "<group>";
		};
		2B54C2911BC602C6001D696F /* Discover */ = {
			isa = PBXGroup;
			children = (
				2B54C2991BC603B9001D696F /* DiscoverTableViewController.swift */,
			);
			path = Discover;
			sourceTree = "<group>";
		};
		2B54C2921BC602C6001D696F /* Home */ = {
			isa = PBXGroup;
			children = (
				2B54C29B1BC603C5001D696F /* HomeTableViewController.swift */,
			);
			path = Home;
			sourceTree = "<group>";
		};
		2B54C2931BC602C6001D696F /* Main */ = {
			isa = PBXGroup;
			children = (
				2B54C2971BC603A9001D696F /* MainViewController.swift */,
				2B2F92A91BC613FD00D66090 /* BaseTableViewController.swift */,
			);
			path = Main;
			sourceTree = "<group>";
		};
		2B54C2941BC602C6001D696F /* Message */ = {
			isa = PBXGroup;
			children = (
				2B54C29D1BC603D0001D696F /* MessageTableViewController.swift */,
			);
			path = Message;
			sourceTree = "<group>";
		};
		2B54C2951BC602C6001D696F /* Profile */ = {
			isa = PBXGroup;
			children = (
				2B54C29F1BC603DF001D696F /* ProfileTableViewController.swift */,
			);
			path = Profile;
			sourceTree = "<group>";
		};
		2B54C2961BC602FE001D696F /* Tools(工具) */ = {
			isa = PBXGroup;
			children = (
			);
			name = "Tools(工具)";
			path = Classes/Tools;
			sourceTree = "<group>";
		};
/* End PBXGroup section */

/* Begin PBXNativeTarget section */
		2B54C2581BC5FFC7001D696F /* Rui微博 */ = {
			isa = PBXNativeTarget;
			buildConfigurationList = 2B54C2841BC5FFC7001D696F /* Build configuration list for PBXNativeTarget "Rui微博" */;
			buildPhases = (
				2B54C2551BC5FFC7001D696F /* Sources */,
				2B54C2561BC5FFC7001D696F /* Frameworks */,
				2B54C2571BC5FFC7001D696F /* Resources */,
			);
			buildRules = (
			);
			dependencies = (
			);
			name = "Rui微博";
			productName = "Rui微博";
			productReference = 2B54C2591BC5FFC7001D696F /* Rui微博.app */;
			productType = "com.apple.product-type.application";
		};
		2B54C26F1BC5FFC7001D696F /* Rui微博Tests */ = {
			isa = PBXNativeTarget;
			buildConfigurationList = 2B54C2871BC5FFC7001D696F /* Build configuration list for PBXNativeTarget "Rui微博Tests" */;
			buildPhases = (
				2B54C26C1BC5FFC7001D696F /* Sources */,
				2B54C26D1BC5FFC7001D696F /* Frameworks */,
				2B54C26E1BC5FFC7001D696F /* Resources */,
			);
			buildRules = (
			);
			dependencies = (
				2B54C2721BC5FFC7001D696F /* PBXTargetDependency */,
			);
			name = "Rui微博Tests";
			productName = "Rui微博Tests";
			productReference = 2B54C2701BC5FFC7001D696F /* Rui微博Tests.xctest */;
			productType = "com.apple.product-type.bundle.unit-test";
		};
		2B54C27A1BC5FFC7001D696F /* Rui微博UITests */ = {
			isa = PBXNativeTarget;
			buildConfigurationList = 2B54C28A1BC5FFC7001D696F /* Build configuration list for PBXNativeTarget "Rui微博UITests" */;
			buildPhases = (
				2B54C2771BC5FFC7001D696F /* Sources */,
				2B54C2781BC5FFC7001D696F /* Frameworks */,
				2B54C2791BC5FFC7001D696F /* Resources */,
			);
			buildRules = (
			);
			dependencies = (
				2B54C27D1BC5FFC7001D696F /* PBXTargetDependency */,
			);
			name = "Rui微博UITests";
			productName = "Rui微博UITests";
			productReference = 2B54C27B1BC5FFC7001D696F /* Rui微博UITests.xctest */;
			productType = "com.apple.product-type.bundle.ui-testing";
		};
/* End PBXNativeTarget section */

/* Begin PBXProject section */
		2B54C2511BC5FFC7001D696F /* Project object */ = {
			isa = PBXProject;
			attributes = {
				LastUpgradeCheck = 0700;
				ORGANIZATIONNAME = "沙睿";
				TargetAttributes = {
					2B54C2581BC5FFC7001D696F = {
						CreatedOnToolsVersion = 7.0;
					};
					2B54C26F1BC5FFC7001D696F = {
						CreatedOnToolsVersion = 7.0;
						TestTargetID = 2B54C2581BC5FFC7001D696F;
					};
					2B54C27A1BC5FFC7001D696F = {
						CreatedOnToolsVersion = 7.0;
						TestTargetID = 2B54C2581BC5FFC7001D696F;
					};
				};
			};
			buildConfigurationList = 2B54C2541BC5FFC7001D696F /* Build configuration list for PBXProject "Rui微博" */;
			compatibilityVersion = "Xcode 3.2";
			developmentRegion = English;
			hasScannedForEncodings = 0;
			knownRegions = (
				en,
				Base,
			);
			mainGroup = 2B54C2501BC5FFC7001D696F;
			productRefGroup = 2B54C25A1BC5FFC7001D696F /* Products */;
			projectDirPath = "";
			projectRoot = "";
			targets = (
				2B54C2581BC5FFC7001D696F /* Rui微博 */,
				2B54C26F1BC5FFC7001D696F /* Rui微博Tests */,
				2B54C27A1BC5FFC7001D696F /* Rui微博UITests */,
			);
		};
/* End PBXProject section */

/* Begin PBXResourcesBuildPhase section */
		2B54C2571BC5FFC7001D696F /* Resources */ = {
			isa = PBXResourcesBuildPhase;
			buildActionMask = 2147483647;
			files = (
				2B54C2A21BC608AC001D696F /* Assets.xcassets in Resources */,
			);
			runOnlyForDeploymentPostprocessing = 0;
		};
		2B54C26E1BC5FFC7001D696F /* Resources */ = {
			isa = PBXResourcesBuildPhase;
			buildActionMask = 2147483647;
			files = (
			);
			runOnlyForDeploymentPostprocessing = 0;
		};
		2B54C2791BC5FFC7001D696F /* Resources */ = {
			isa = PBXResourcesBuildPhase;
			buildActionMask = 2147483647;
			files = (
			);
			runOnlyForDeploymentPostprocessing = 0;
		};
/* End PBXResourcesBuildPhase section */

/* Begin PBXSourcesBuildPhase section */
		2B54C2551BC5FFC7001D696F /* Sources */ = {
			isa = PBXSourcesBuildPhase;
			buildActionMask = 2147483647;
			files = (
				2B54C2A01BC603DF001D696F /* ProfileTableViewController.swift in Sources */,
				2B54C2981BC603A9001D696F /* MainViewController.swift in Sources */,
				2B2F92AA1BC613FD00D66090 /* BaseTableViewController.swift in Sources */,
				2B54C2651BC5FFC7001D696F /* Rui__.xcdatamodeld in Sources */,
				2B54C29A1BC603B9001D696F /* DiscoverTableViewController.swift in Sources */,
				2B54C25D1BC5FFC7001D696F /* AppDelegate.swift in Sources */,
				2B54C29E1BC603D0001D696F /* MessageTableViewController.swift in Sources */,
				2B54C29C1BC603C5001D696F /* HomeTableViewController.swift in Sources */,
			);
			runOnlyForDeploymentPostprocessing = 0;
		};
		2B54C26C1BC5FFC7001D696F /* Sources */ = {
			isa = PBXSourcesBuildPhase;
			buildActionMask = 2147483647;
			files = (
				2B54C2751BC5FFC7001D696F /* Rui__Tests.swift in Sources */,
			);
			runOnlyForDeploymentPostprocessing = 0;
		};
		2B54C2771BC5FFC7001D696F /* Sources */ = {
			isa = PBXSourcesBuildPhase;
			buildActionMask = 2147483647;
			files = (
				2B54C2801BC5FFC7001D696F /* Rui__UITests.swift in Sources */,
			);
			runOnlyForDeploymentPostprocessing = 0;
		};
/* End PBXSourcesBuildPhase section */

/* Begin PBXTargetDependency section */
		2B54C2721BC5FFC7001D696F /* PBXTargetDependency */ = {
			isa = PBXTargetDependency;
			target = 2B54C2581BC5FFC7001D696F /* Rui微博 */;
			targetProxy = 2B54C2711BC5FFC7001D696F /* PBXContainerItemProxy */;
		};
		2B54C27D1BC5FFC7001D696F /* PBXTargetDependency */ = {
			isa = PBXTargetDependency;
			target = 2B54C2581BC5FFC7001D696F /* Rui微博 */;
			targetProxy = 2B54C27C1BC5FFC7001D696F /* PBXContainerItemProxy */;
		};
/* End PBXTargetDependency section */

/* Begin XCBuildConfiguration section */
		2B54C2821BC5FFC7001D696F /* Debug */ = {
			isa = XCBuildConfiguration;
			buildSettings = {
				ALWAYS_SEARCH_USER_PATHS = NO;
				CLANG_CXX_LANGUAGE_STANDARD = "gnu++0x";
				CLANG_CXX_LIBRARY = "libc++";
				CLANG_ENABLE_MODULES = YES;
				CLANG_ENABLE_OBJC_ARC = YES;
				CLANG_WARN_BOOL_CONVERSION = YES;
				CLANG_WARN_CONSTANT_CONVERSION = YES;
				CLANG_WARN_DIRECT_OBJC_ISA_USAGE = YES_ERROR;
				CLANG_WARN_EMPTY_BODY = YES;
				CLANG_WARN_ENUM_CONVERSION = YES;
				CLANG_WARN_INT_CONVERSION = YES;
				CLANG_WARN_OBJC_ROOT_CLASS = YES_ERROR;
				CLANG_WARN_UNREACHABLE_CODE = YES;
				CLANG_WARN__DUPLICATE_METHOD_MATCH = YES;
				"CODE_SIGN_IDENTITY[sdk=iphoneos*]" = "iPhone Developer";
				COPY_PHASE_STRIP = NO;
				DEBUG_INFORMATION_FORMAT = dwarf;
				ENABLE_STRICT_OBJC_MSGSEND = YES;
				ENABLE_TESTABILITY = YES;
				GCC_C_LANGUAGE_STANDARD = gnu99;
				GCC_DYNAMIC_NO_PIC = NO;
				GCC_NO_COMMON_BLOCKS = YES;
				GCC_OPTIMIZATION_LEVEL = 0;
				GCC_PREPROCESSOR_DEFINITIONS = (
					"DEBUG=1",
					"$(inherited)",
				);
				GCC_WARN_64_TO_32_BIT_CONVERSION = YES;
				GCC_WARN_ABOUT_RETURN_TYPE = YES_ERROR;
				GCC_WARN_UNDECLARED_SELECTOR = YES;
				GCC_WARN_UNINITIALIZED_AUTOS = YES_AGGRESSIVE;
				GCC_WARN_UNUSED_FUNCTION = YES;
				GCC_WARN_UNUSED_VARIABLE = YES;
				IPHONEOS_DEPLOYMENT_TARGET = 9.0;
				MTL_ENABLE_DEBUG_INFO = YES;
				ONLY_ACTIVE_ARCH = YES;
				SDKROOT = iphoneos;
				SWIFT_OPTIMIZATION_LEVEL = "-Onone";
				TARGETED_DEVICE_FAMILY = "1,2";
			};
			name = Debug;
		};
		2B54C2831BC5FFC7001D696F /* Release */ = {
			isa = XCBuildConfiguration;
			buildSettings = {
				ALWAYS_SEARCH_USER_PATHS = NO;
				CLANG_CXX_LANGUAGE_STANDARD = "gnu++0x";
				CLANG_CXX_LIBRARY = "libc++";
				CLANG_ENABLE_MODULES = YES;
				CLANG_ENABLE_OBJC_ARC = YES;
				CLANG_WARN_BOOL_CONVERSION = YES;
				CLANG_WARN_CONSTANT_CONVERSION = YES;
				CLANG_WARN_DIRECT_OBJC_ISA_USAGE = YES_ERROR;
				CLANG_WARN_EMPTY_BODY = YES;
				CLANG_WARN_ENUM_CONVERSION = YES;
				CLANG_WARN_INT_CONVERSION = YES;
				CLANG_WARN_OBJC_ROOT_CLASS = YES_ERROR;
				CLANG_WARN_UNREACHABLE_CODE = YES;
				CLANG_WARN__DUPLICATE_METHOD_MATCH = YES;
				"CODE_SIGN_IDENTITY[sdk=iphoneos*]" = "iPhone Developer";
				COPY_PHASE_STRIP = NO;
				DEBUG_INFORMATION_FORMAT = "dwarf-with-dsym";
				ENABLE_NS_ASSERTIONS = NO;
				ENABLE_STRICT_OBJC_MSGSEND = YES;
				GCC_C_LANGUAGE_STANDARD = gnu99;
				GCC_NO_COMMON_BLOCKS = YES;
				GCC_WARN_64_TO_32_BIT_CONVERSION = YES;
				GCC_WARN_ABOUT_RETURN_TYPE = YES_ERROR;
				GCC_WARN_UNDECLARED_SELECTOR = YES;
				GCC_WARN_UNINITIALIZED_AUTOS = YES_AGGRESSIVE;
				GCC_WARN_UNUSED_FUNCTION = YES;
				GCC_WARN_UNUSED_VARIABLE = YES;
				IPHONEOS_DEPLOYMENT_TARGET = 9.0;
				MTL_ENABLE_DEBUG_INFO = NO;
				SDKROOT = iphoneos;
				TARGETED_DEVICE_FAMILY = "1,2";
				VALIDATE_PRODUCT = YES;
			};
			name = Release;
		};
		2B54C2851BC5FFC7001D696F /* Debug */ = {
			isa = XCBuildConfiguration;
			buildSettings = {
				ASSETCATALOG_COMPILER_APPICON_NAME = AppIcon;
				ASSETCATALOG_COMPILER_LAUNCHIMAGE_NAME = BrandAsset;
				INFOPLIST_FILE = "Rui微博/Info.plist";
				LD_RUNPATH_SEARCH_PATHS = "$(inherited) @executable_path/Frameworks";
				PRODUCT_BUNDLE_IDENTIFIER = "com.sharui.Rui--";
				PRODUCT_NAME = "$(TARGET_NAME)";
			};
			name = Debug;
		};
		2B54C2861BC5FFC7001D696F /* Release */ = {
			isa = XCBuildConfiguration;
			buildSettings = {
				ASSETCATALOG_COMPILER_APPICON_NAME = AppIcon;
				ASSETCATALOG_COMPILER_LAUNCHIMAGE_NAME = BrandAsset;
				INFOPLIST_FILE = "Rui微博/Info.plist";
				LD_RUNPATH_SEARCH_PATHS = "$(inherited) @executable_path/Frameworks";
				PRODUCT_BUNDLE_IDENTIFIER = "com.sharui.Rui--";
				PRODUCT_NAME = "$(TARGET_NAME)";
			};
			name = Release;
		};
		2B54C2881BC5FFC7001D696F /* Debug */ = {
			isa = XCBuildConfiguration;
			buildSettings = {
				BUNDLE_LOADER = "$(TEST_HOST)";
				INFOPLIST_FILE = "Rui微博Tests/Info.plist";
				LD_RUNPATH_SEARCH_PATHS = "$(inherited) @executable_path/Frameworks @loader_path/Frameworks";
				PRODUCT_BUNDLE_IDENTIFIER = "com.sharui.Rui--Tests";
				PRODUCT_NAME = "$(TARGET_NAME)";
				TEST_HOST = "$(BUILT_PRODUCTS_DIR)/Rui微博.app/Rui微博";
			};
			name = Debug;
		};
		2B54C2891BC5FFC7001D696F /* Release */ = {
			isa = XCBuildConfiguration;
			buildSettings = {
				BUNDLE_LOADER = "$(TEST_HOST)";
				INFOPLIST_FILE = "Rui微博Tests/Info.plist";
				LD_RUNPATH_SEARCH_PATHS = "$(inherited) @executable_path/Frameworks @loader_path/Frameworks";
				PRODUCT_BUNDLE_IDENTIFIER = "com.sharui.Rui--Tests";
				PRODUCT_NAME = "$(TARGET_NAME)";
				TEST_HOST = "$(BUILT_PRODUCTS_DIR)/Rui微博.app/Rui微博";
			};
			name = Release;
		};
		2B54C28B1BC5FFC7001D696F /* Debug */ = {
			isa = XCBuildConfiguration;
			buildSettings = {
				INFOPLIST_FILE = "Rui微博UITests/Info.plist";
				LD_RUNPATH_SEARCH_PATHS = "$(inherited) @executable_path/Frameworks @loader_path/Frameworks";
				PRODUCT_BUNDLE_IDENTIFIER = "com.sharui.Rui--UITests";
				PRODUCT_NAME = "$(TARGET_NAME)";
				TEST_TARGET_NAME = "Rui微博";
				USES_XCTRUNNER = YES;
			};
			name = Debug;
		};
		2B54C28C1BC5FFC7001D696F /* Release */ = {
			isa = XCBuildConfiguration;
			buildSettings = {
				INFOPLIST_FILE = "Rui微博UITests/Info.plist";
				LD_RUNPATH_SEARCH_PATHS = "$(inherited) @executable_path/Frameworks @loader_path/Frameworks";
				PRODUCT_BUNDLE_IDENTIFIER = "com.sharui.Rui--UITests";
				PRODUCT_NAME = "$(TARGET_NAME)";
				TEST_TARGET_NAME = "Rui微博";
				USES_XCTRUNNER = YES;
			};
			name = Release;
		};
/* End XCBuildConfiguration section */

/* Begin XCConfigurationList section */
		2B54C2541BC5FFC7001D696F /* Build configuration list for PBXProject "Rui微博" */ = {
			isa = XCConfigurationList;
			buildConfigurations = (
				2B54C2821BC5FFC7001D696F /* Debug */,
				2B54C2831BC5FFC7001D696F /* Release */,
			);
			defaultConfigurationIsVisible = 0;
			defaultConfigurationName = Release;
		};
		2B54C2841BC5FFC7001D696F /* Build configuration list for PBXNativeTarget "Rui微博" */ = {
			isa = XCConfigurationList;
			buildConfigurations = (
				2B54C2851BC5FFC7001D696F /* Debug */,
				2B54C2861BC5FFC7001D696F /* Release */,
			);
			defaultConfigurationIsVisible = 0;
			defaultConfigurationName = Release;
		};
		2B54C2871BC5FFC7001D696F /* Build configuration list for PBXNativeTarget "Rui微博Tests" */ = {
			isa = XCConfigurationList;
			buildConfigurations = (
				2B54C2881BC5FFC7001D696F /* Debug */,
				2B54C2891BC5FFC7001D696F /* Release */,
			);
			defaultConfigurationIsVisible = 0;
			defaultConfigurationName = Release;
		};
		2B54C28A1BC5FFC7001D696F /* Build configuration list for PBXNativeTarget "Rui微博UITests" */ = {
			isa = XCConfigurationList;
			buildConfigurations = (
				2B54C28B1BC5FFC7001D696F /* Debug */,
				2B54C28C1BC5FFC7001D696F /* Release */,
			);
			defaultConfigurationIsVisible = 0;
			defaultConfigurationName = Release;
		};
/* End XCConfigurationList section */

/* Begin XCVersionGroup section */
		2B54C2631BC5FFC7001D696F /* Rui__.xcdatamodeld */ = {
			isa = XCVersionGroup;
			children = (
				2B54C2641BC5FFC7001D696F /* Rui__.xcdatamodel */,
			);
			currentVersion = 2B54C2641BC5FFC7001D696F /* Rui__.xcdatamodel */;
			path = Rui__.xcdatamodeld;
			sourceTree = "<group>";
			versionGroupType = wrapper.xcdatamodel;
		};
/* End XCVersionGroup section */
	};
	rootObject = 2B54C2511BC5FFC7001D696F /* Project object */;
}
